
Microsoft Visual Studio Solution File, Format Version 12.00
# Visual Studio 15
Project("{FAE04EC0-301F-11D3-BF4B-00C04F79EFBC}") = "Assembly-CSharp", "Assembly-CSharp.csproj", "{534D700F-B53D-06B5-8E9C-1EDC4E2D8279}"
EndProject
Project("{FAE04EC0-301F-11D3-BF4B-00C04F79EFBC}") = "Assembly-CSharp-Editor", "Assembly-CSharp-Editor.csproj", "{F3F37BA9-8049-AFB2-7317-2203C91F35E8}"
EndProject
Global
	GlobalSection(SolutionConfigurationPlatforms) = preSolution
		Debug|Any CPU = Debug|Any CPU
		Release|Any CPU = Release|Any CPU
	EndGlobalSection
	GlobalSection(ProjectConfigurationPlatforms) = postSolution
		{534D700F-B53D-06B5-8E9C-1EDC4E2D8279}.Debug|Any CPU.ActiveCfg = Debug|Any CPU
		{534D700F-B53D-06B5-8E9C-1EDC4E2D8279}.Debug|Any CPU.Build.0 = Debug|Any CPU
		{534D700F-B53D-06B5-8E9C-1EDC4E2D8279}.Release|Any CPU.ActiveCfg = Release|Any CPU
		{534D700F-B53D-06B5-8E9C-1EDC4E2D8279}.Release|Any CPU.Build.0 = Release|Any CPU
		{F3F37BA9-8049-AFB2-7317-2203C91F35E8}.Debug|Any CPU.ActiveCfg = Debug|Any CPU
		{F3F37BA9-8049-AFB2-7317-2203C91F35E8}.Debug|Any CPU.Build.0 = Debug|Any CPU
		{F3F37BA9-8049-AFB2-7317-2203C91F35E8}.Release|Any CPU.ActiveCfg = Release|Any CPU
		{F3F37BA9-8049-AFB2-7317-2203C91F35E8}.Release|Any CPU.Build.0 = Release|Any CPU
	EndGlobalSection
	GlobalSection(SolutionProperties) = preSolution
		HideSolutionNode = FALSE
	EndGlobalSection
EndGlobal
